
Microsoft Visual Studio Solution File, Format Version 12.00
# Visual Studio Version 17
VisualStudioVersion = 17.3.32825.248
MinimumVisualStudioVersion = 10.0.40219.1
Project("{FAE04EC0-301F-11D3-BF4B-00C04F79EFBC}") = "MVCFilmes", "MVCFilmes\MVCFilmes.csproj", "{1F5A803A-E5B8-4C52-A2BB-A3EB73F9364F}"
EndProject
Global
	GlobalSection(SolutionConfigurationPlatforms) = preSolution
		Debug|Any CPU = Debug|Any CPU
		Release|Any CPU = Release|Any CPU
	EndGlobalSection
	GlobalSection(ProjectConfigurationPlatforms) = postSolution
		{1F5A803A-E5B8-4C52-A2BB-A3EB73F9364F}.Debug|Any CPU.ActiveCfg = Debug|Any CPU
		{1F5A803A-E5B8-4C52-A2BB-A3EB73F9364F}.Debug|Any CPU.Build.0 = Debug|Any CPU
		{1F5A803A-E5B8-4C52-A2BB-A3EB73F9364F}.Release|Any CPU.ActiveCfg = Release|Any CPU
		{1F5A803A-E5B8-4C52-A2BB-A3EB73F9364F}.Release|Any CPU.Build.0 = Release|Any CPU
	EndGlobalSection
	GlobalSection(SolutionProperties) = preSolution
		HideSolutionNode = FALSE
	EndGlobalSection
	GlobalSection(ExtensibilityGlobals) = postSolution
		SolutionGuid = {7B6D1F4F-20BC-42B0-A20F-536732D2B68D}
	EndGlobalSection
EndGlobal
